{
  "pins" : [
    {
      "identity" : "alamofire",
      "kind" : "remoteSourceControl",
      "location" : "https://github.com/Alamofire/Alamofire.git",
      "state" : {
        "revision" : "723fa5a6c65812aec4a0d7cc432ee198883b6e00",
        "version" : "5.9.0"
      }
    },
    {
      "identity" : "networkinglayer",
      "kind" : "remoteSourceControl",
      "location" : "https://github.com/kevcodex/NetworkingLayer",
      "state" : {
        "revision" : "62a50f8025c9ada6964173acb4431d1173ee7f68",
        "version" : "2.0.2"
      }
    }
  ],
  "version" : 2
}
